// !$*UTF8*$!
{
	archiveVersion = 1;
	classes = {
	};
	objectVersion = 46;
	objects = {

/* Begin PBXBuildFile section */
		0E0628951EE646CB00EC8D89 /* JGZSharedLocationController.m in Sources */ = {isa = PBXBuildFile; fileRef = 0E0628941EE646CB00EC8D89 /* JGZSharedLocationController.m */; };
		0E0628A01EE6565E00EC8D89 /* OpenGLES.framework in Frameworks */ = {isa = PBXBuildFile; fileRef = 0E06289F1EE6565E00EC8D89 /* OpenGLES.framework */; };
		0E0628A21EE6567700EC8D89 /* CoreGraphics.framework in Frameworks */ = {isa = PBXBuildFile; fileRef = 0E0628A11EE6567700EC8D89 /* CoreGraphics.framework */; };
		0E0628A41EE6568200EC8D89 /* QuartzCore.framework in Frameworks */ = {isa = PBXBuildFile; fileRef = 0E0628A31EE6568200EC8D89 /* QuartzCore.framework */; };
		0E0628A61EE6568C00EC8D89 /* CoreLocation.framework in Frameworks */ = {isa = PBXBuildFile; fileRef = 0E0628A51EE6568C00EC8D89 /* CoreLocation.framework */; };
		0E0628A81EE6569D00EC8D89 /* CoreTelephony.framework in Frameworks */ = {isa = PBXBuildFile; fileRef = 0E0628A71EE6569D00EC8D89 /* CoreTelephony.framework */; };
		0E0628AA1EE656AA00EC8D89 /* SystemConfiguration.framework in Frameworks */ = {isa = PBXBuildFile; fileRef = 0E0628A91EE656AA00EC8D89 /* SystemConfiguration.framework */; };
		0E0628AC1EE656B500EC8D89 /* Security.framework in Frameworks */ = {isa = PBXBuildFile; fileRef = 0E0628AB1EE656B500EC8D89 /* Security.framework */; };
		0E0628AE1EE656BE00EC8D89 /* AdSupport.framework in Frameworks */ = {isa = PBXBuildFile; fileRef = 0E0628AD1EE656BE00EC8D89 /* AdSupport.framework */; };
		0E0628B01EE656C600EC8D89 /* JavaScriptCore.framework in Frameworks */ = {isa = PBXBuildFile; fileRef = 0E0628AF1EE656C600EC8D89 /* JavaScriptCore.framework */; };
		0E0628B21EE656DF00EC8D89 /* GLKit.framework in Frameworks */ = {isa = PBXBuildFile; fileRef = 0E0628B11EE656DF00EC8D89 /* GLKit.framework */; };
		0E0628B61EE657FF00EC8D89 /* AMapFoundationKit.framework in Frameworks */ = {isa = PBXBuildFile; fileRef = 0E0628B41EE657FF00EC8D89 /* AMapFoundationKit.framework */; };
		0E0628BB1EE6618700EC8D89 /* MAMapKit.framework in Frameworks */ = {isa = PBXBuildFile; fileRef = 0E0628BA1EE6618700EC8D89 /* MAMapKit.framework */; };
		0E0628C01EE679A300EC8D89 /* MAAnnotationView+JGZMAAnnotationView.m in Sources */ = {isa = PBXBuildFile; fileRef = 0E0628BF1EE679A300EC8D89 /* MAAnnotationView+JGZMAAnnotationView.m */; };
		0E0628C21EE67CBC00EC8D89 /* arrow@3x.png in Resources */ = {isa = PBXBuildFile; fileRef = 0E0628C11EE67CBC00EC8D89 /* arrow@3x.png */; };
		0E0628C51EE689AC00EC8D89 /* JGZLocationModel.m in Sources */ = {isa = PBXBuildFile; fileRef = 0E0628C41EE689AC00EC8D89 /* JGZLocationModel.m */; };
		0E3272C01EE79939005DD136 /* CustomAnnotation.m in Sources */ = {isa = PBXBuildFile; fileRef = 0E3272BF1EE79939005DD136 /* CustomAnnotation.m */; };
		0E3272C31EE7996F005DD136 /* CustomAnnotationView.m in Sources */ = {isa = PBXBuildFile; fileRef = 0E3272C21EE7996F005DD136 /* CustomAnnotationView.m */; };
		0E9838211E406330002C6878 /* JGZAccountTool.m in Sources */ = {isa = PBXBuildFile; fileRef = 0E9838201E406330002C6878 /* JGZAccountTool.m */; };
		0E9838241E406356002C6878 /* JGZAccount.m in Sources */ = {isa = PBXBuildFile; fileRef = 0E9838231E406356002C6878 /* JGZAccount.m */; };
		0E9838271E4068A3002C6878 /* Main.storyboard in Resources */ = {isa = PBXBuildFile; fileRef = 0E9838251E4068A3002C6878 /* Main.storyboard */; };
		0E98382A1E407154002C6878 /* AppDelegate+EMAppDelegate.m in Sources */ = {isa = PBXBuildFile; fileRef = 0E9838291E407154002C6878 /* AppDelegate+EMAppDelegate.m */; };
		0EAF441C1E418D62005D26F0 /* JGZMainViewCell.m in Sources */ = {isa = PBXBuildFile; fileRef = 0EAF441B1E418D62005D26F0 /* JGZMainViewCell.m */; };
		0EAF44721E41D36C005D26F0 /* EMSDKHelp.m in Sources */ = {isa = PBXBuildFile; fileRef = 0EAF44711E41D36C005D26F0 /* EMSDKHelp.m */; };
		0EAF85BA1E40218800E0FFF8 /* main.m in Sources */ = {isa = PBXBuildFile; fileRef = 0EAF85B91E40218800E0FFF8 /* main.m */; };
		0EAF85BD1E40218800E0FFF8 /* AppDelegate.m in Sources */ = {isa = PBXBuildFile; fileRef = 0EAF85BC1E40218800E0FFF8 /* AppDelegate.m */; };
		0EAF85C01E40218800E0FFF8 /* MainViewController.m in Sources */ = {isa = PBXBuildFile; fileRef = 0EAF85BF1E40218800E0FFF8 /* MainViewController.m */; };
		0EAF85C51E40218800E0FFF8 /* Assets.xcassets in Resources */ = {isa = PBXBuildFile; fileRef = 0EAF85C41E40218800E0FFF8 /* Assets.xcassets */; };
		0EAF85C81E40218800E0FFF8 /* LaunchScreen.storyboard in Resources */ = {isa = PBXBuildFile; fileRef = 0EAF85C61E40218800E0FFF8 /* LaunchScreen.storyboard */; };
		0EAF85D51E402CF400E0FFF8 /* CoreMedia.framework in Frameworks */ = {isa = PBXBuildFile; fileRef = 0EAF85D41E402CF400E0FFF8 /* CoreMedia.framework */; };
		0EAF85D71E402CFF00E0FFF8 /* AudioToolbox.framework in Frameworks */ = {isa = PBXBuildFile; fileRef = 0EAF85D61E402CFF00E0FFF8 /* AudioToolbox.framework */; };
		0EAF85D91E402D0A00E0FFF8 /* AVFoundation.framework in Frameworks */ = {isa = PBXBuildFile; fileRef = 0EAF85D81E402D0A00E0FFF8 /* AVFoundation.framework */; };
		0EAF85DB1E402D1700E0FFF8 /* MobileCoreServices.framework in Frameworks */ = {isa = PBXBuildFile; fileRef = 0EAF85DA1E402D1700E0FFF8 /* MobileCoreServices.framework */; };
		0EAF85DD1E402D2100E0FFF8 /* ImageIO.framework in Frameworks */ = {isa = PBXBuildFile; fileRef = 0EAF85DC1E402D2100E0FFF8 /* ImageIO.framework */; };
		0EAF85DF1E402D3D00E0FFF8 /* libc++.tbd in Frameworks */ = {isa = PBXBuildFile; fileRef = 0EAF85DE1E402D3D00E0FFF8 /* libc++.tbd */; };
		0EAF85E11E402D4C00E0FFF8 /* libz.tbd in Frameworks */ = {isa = PBXBuildFile; fileRef = 0EAF85E01E402D4C00E0FFF8 /* libz.tbd */; };
		0EAF85E31E402D5700E0FFF8 /* libstdc++.6.0.9.tbd in Frameworks */ = {isa = PBXBuildFile; fileRef = 0EAF85E21E402D5700E0FFF8 /* libstdc++.6.0.9.tbd */; };
		0EAF85E51E402D6400E0FFF8 /* libsqlite3.0.tbd in Frameworks */ = {isa = PBXBuildFile; fileRef = 0EAF85E41E402D6400E0FFF8 /* libsqlite3.0.tbd */; };
		0EAF85E71E402DC900E0FFF8 /* libiconv.tbd in Frameworks */ = {isa = PBXBuildFile; fileRef = 0EAF85E61E402DC900E0FFF8 /* libiconv.tbd */; };
		0EAF85EB1E402ECC00E0FFF8 /* JGZLoginController.m in Sources */ = {isa = PBXBuildFile; fileRef = 0EAF85EA1E402ECC00E0FFF8 /* JGZLoginController.m */; };
		8C0B3D19634DDAAAD08D9B64 /* libPods-talkDemo.a in Frameworks */ = {isa = PBXBuildFile; fileRef = 3DE7A2B80FD7D273CCFAAE90 /* libPods-talkDemo.a */; };
/* End PBXBuildFile section */

/* Begin PBXFileReference section */
		0E0628931EE646CB00EC8D89 /* JGZSharedLocationController.h */ = {isa = PBXFileReference; fileEncoding = 4; lastKnownFileType = sourcecode.c.h; path = JGZSharedLocationController.h; sourceTree = "<group>"; };
		0E0628941EE646CB00EC8D89 /* JGZSharedLocationController.m */ = {isa = PBXFileReference; fileEncoding = 4; lastKnownFileType = sourcecode.c.objc; path = JGZSharedLocationController.m; sourceTree = "<group>"; };
		0E06289F1EE6565E00EC8D89 /* OpenGLES.framework */ = {isa = PBXFileReference; lastKnownFileType = wrapper.framework; name = OpenGLES.framework; path = System/Library/Frameworks/OpenGLES.framework; sourceTree = SDKROOT; };
		0E0628A11EE6567700EC8D89 /* CoreGraphics.framework */ = {isa = PBXFileReference; lastKnownFileType = wrapper.framework; name = CoreGraphics.framework; path = System/Library/Frameworks/CoreGraphics.framework; sourceTree = SDKROOT; };
		0E0628A31EE6568200EC8D89 /* QuartzCore.framework */ = {isa = PBXFileReference; lastKnownFileType = wrapper.framework; name = QuartzCore.framework; path = System/Library/Frameworks/QuartzCore.framework; sourceTree = SDKROOT; };
		0E0628A51EE6568C00EC8D89 /* CoreLocation.framework */ = {isa = PBXFileReference; lastKnownFileType = wrapper.framework; name = CoreLocation.framework; path = System/Library/Frameworks/CoreLocation.framework; sourceTree = SDKROOT; };
		0E0628A71EE6569D00EC8D89 /* CoreTelephony.framework */ = {isa = PBXFileReference; lastKnownFileType = wrapper.framework; name = CoreTelephony.framework; path = System/Library/Frameworks/CoreTelephony.framework; sourceTree = SDKROOT; };
		0E0628A91EE656AA00EC8D89 /* SystemConfiguration.framework */ = {isa = PBXFileReference; lastKnownFileType = wrapper.framework; name = SystemConfiguration.framework; path = System/Library/Frameworks/SystemConfiguration.framework; sourceTree = SDKROOT; };
		0E0628AB1EE656B500EC8D89 /* Security.framework */ = {isa = PBXFileReference; lastKnownFileType = wrapper.framework; name = Security.framework; path = System/Library/Frameworks/Security.framework; sourceTree = SDKROOT; };
		0E0628AD1EE656BE00EC8D89 /* AdSupport.framework */ = {isa = PBXFileReference; lastKnownFileType = wrapper.framework; name = AdSupport.framework; path = System/Library/Frameworks/AdSupport.framework; sourceTree = SDKROOT; };
		0E0628AF1EE656C600EC8D89 /* JavaScriptCore.framework */ = {isa = PBXFileReference; lastKnownFileType = wrapper.framework; name = JavaScriptCore.framework; path = System/Library/Frameworks/JavaScriptCore.framework; sourceTree = SDKROOT; };
		0E0628B11EE656DF00EC8D89 /* GLKit.framework */ = {isa = PBXFileReference; lastKnownFileType = wrapper.framework; name = GLKit.framework; path = System/Library/Frameworks/GLKit.framework; sourceTree = SDKROOT; };
		0E0628B41EE657FF00EC8D89 /* AMapFoundationKit.framework */ = {isa = PBXFileReference; lastKnownFileType = wrapper.framework; path = AMapFoundationKit.framework; sourceTree = "<group>"; };
		0E0628BA1EE6618700EC8D89 /* MAMapKit.framework */ = {isa = PBXFileReference; lastKnownFileType = wrapper.framework; path = MAMapKit.framework; sourceTree = "<group>"; };
		0E0628BE1EE679A300EC8D89 /* MAAnnotationView+JGZMAAnnotationView.h */ = {isa = PBXFileReference; fileEncoding = 4; lastKnownFileType = sourcecode.c.h; path = "MAAnnotationView+JGZMAAnnotationView.h"; sourceTree = "<group>"; };
		0E0628BF1EE679A300EC8D89 /* MAAnnotationView+JGZMAAnnotationView.m */ = {isa = PBXFileReference; fileEncoding = 4; lastKnownFileType = sourcecode.c.objc; path = "MAAnnotationView+JGZMAAnnotationView.m"; sourceTree = "<group>"; };
		0E0628C11EE67CBC00EC8D89 /* arrow@3x.png */ = {isa = PBXFileReference; lastKnownFileType = image.png; path = "arrow@3x.png"; sourceTree = "<group>"; };
		0E0628C31EE689AC00EC8D89 /* JGZLocationModel.h */ = {isa = PBXFileReference; fileEncoding = 4; lastKnownFileType = sourcecode.c.h; path = JGZLocationModel.h; sourceTree = "<group>"; };
		0E0628C41EE689AC00EC8D89 /* JGZLocationModel.m */ = {isa = PBXFileReference; fileEncoding = 4; lastKnownFileType = sourcecode.c.objc; path = JGZLocationModel.m; sourceTree = "<group>"; };
		0E3272BE1EE79939005DD136 /* CustomAnnotation.h */ = {isa = PBXFileReference; fileEncoding = 4; lastKnownFileType = sourcecode.c.h; path = CustomAnnotation.h; sourceTree = "<group>"; };
		0E3272BF1EE79939005DD136 /* CustomAnnotation.m */ = {isa = PBXFileReference; fileEncoding = 4; lastKnownFileType = sourcecode.c.objc; path = CustomAnnotation.m; sourceTree = "<group>"; };
		0E3272C11EE7996F005DD136 /* CustomAnnotationView.h */ = {isa = PBXFileReference; fileEncoding = 4; lastKnownFileType = sourcecode.c.h; path = CustomAnnotationView.h; sourceTree = "<group>"; };
		0E3272C21EE7996F005DD136 /* CustomAnnotationView.m */ = {isa = PBXFileReference; fileEncoding = 4; lastKnownFileType = sourcecode.c.objc; path = CustomAnnotationView.m; sourceTree = "<group>"; };
		0E84ED441E41F9D800F65D4E /* zh-Hans */ = {isa = PBXFileReference; lastKnownFileType = text.plist.strings; name = "zh-Hans"; path = "zh-Hans.lproj/Main.strings"; sourceTree = "<group>"; };
		0E84ED451E41F9D900F65D4E /* zh-Hans */ = {isa = PBXFileReference; lastKnownFileType = text.plist.strings; name = "zh-Hans"; path = "zh-Hans.lproj/LaunchScreen.strings"; sourceTree = "<group>"; };
		0E98381F1E406330002C6878 /* JGZAccountTool.h */ = {isa = PBXFileReference; fileEncoding = 4; lastKnownFileType = sourcecode.c.h; path = JGZAccountTool.h; sourceTree = "<group>"; };
		0E9838201E406330002C6878 /* JGZAccountTool.m */ = {isa = PBXFileReference; fileEncoding = 4; lastKnownFileType = sourcecode.c.objc; path = JGZAccountTool.m; sourceTree = "<group>"; };
		0E9838221E406356002C6878 /* JGZAccount.h */ = {isa = PBXFileReference; fileEncoding = 4; lastKnownFileType = sourcecode.c.h; path = JGZAccount.h; sourceTree = "<group>"; };
		0E9838231E406356002C6878 /* JGZAccount.m */ = {isa = PBXFileReference; fileEncoding = 4; lastKnownFileType = sourcecode.c.objc; path = JGZAccount.m; sourceTree = "<group>"; };
		0E9838261E4068A3002C6878 /* Base */ = {isa = PBXFileReference; lastKnownFileType = file.storyboard; name = Base; path = Base.lproj/Main.storyboard; sourceTree = "<group>"; };
		0E9838281E407154002C6878 /* AppDelegate+EMAppDelegate.h */ = {isa = PBXFileReference; fileEncoding = 4; lastKnownFileType = sourcecode.c.h; path = "AppDelegate+EMAppDelegate.h"; sourceTree = "<group>"; };
		0E9838291E407154002C6878 /* AppDelegate+EMAppDelegate.m */ = {isa = PBXFileReference; fileEncoding = 4; lastKnownFileType = sourcecode.c.objc; path = "AppDelegate+EMAppDelegate.m"; sourceTree = "<group>"; };
		0E98382B1E4081A0002C6878 /* UIKit.framework */ = {isa = PBXFileReference; lastKnownFileType = wrapper.framework; name = UIKit.framework; path = System/Library/Frameworks/UIKit.framework; sourceTree = SDKROOT; };
		0EAF42721E408353005D26F0 /* Hyphenate.framework */ = {isa = PBXFileReference; lastKnownFileType = wrapper.framework; name = Hyphenate.framework; path = ../../../../Downloads/ios_IM_sdk_V3.2.3/HyphenateFullSDK/Hyphenate.framework; sourceTree = "<group>"; };
		0EAF441A1E418D62005D26F0 /* JGZMainViewCell.h */ = {isa = PBXFileReference; fileEncoding = 4; lastKnownFileType = sourcecode.c.h; path = JGZMainViewCell.h; sourceTree = "<group>"; };
		0EAF441B1E418D62005D26F0 /* JGZMainViewCell.m */ = {isa = PBXFileReference; fileEncoding = 4; lastKnownFileType = sourcecode.c.objc; path = JGZMainViewCell.m; sourceTree = "<group>"; };
		0EAF441D1E418F55005D26F0 /* talkDemo.pch */ = {isa = PBXFileReference; lastKnownFileType = sourcecode.c.h; path = talkDemo.pch; sourceTree = "<group>"; };
		0EAF44701E41D36C005D26F0 /* EMSDKHelp.h */ = {isa = PBXFileReference; fileEncoding = 4; lastKnownFileType = sourcecode.c.h; path = EMSDKHelp.h; sourceTree = "<group>"; };
		0EAF44711E41D36C005D26F0 /* EMSDKHelp.m */ = {isa = PBXFileReference; fileEncoding = 4; lastKnownFileType = sourcecode.c.objc; path = EMSDKHelp.m; sourceTree = "<group>"; };
		0EAF85B51E40218800E0FFF8 /* talkDemo.app */ = {isa = PBXFileReference; explicitFileType = wrapper.application; includeInIndex = 0; path = talkDemo.app; sourceTree = BUILT_PRODUCTS_DIR; };
		0EAF85B91E40218800E0FFF8 /* main.m */ = {isa = PBXFileReference; lastKnownFileType = sourcecode.c.objc; path = main.m; sourceTree = "<group>"; };
		0EAF85BB1E40218800E0FFF8 /* AppDelegate.h */ = {isa = PBXFileReference; lastKnownFileType = sourcecode.c.h; path = AppDelegate.h; sourceTree = "<group>"; };
		0EAF85BC1E40218800E0FFF8 /* AppDelegate.m */ = {isa = PBXFileReference; lastKnownFileType = sourcecode.c.objc; path = AppDelegate.m; sourceTree = "<group>"; };
		0EAF85BE1E40218800E0FFF8 /* MainViewController.h */ = {isa = PBXFileReference; lastKnownFileType = sourcecode.c.h; path = MainViewController.h; sourceTree = "<group>"; };
		0EAF85BF1E40218800E0FFF8 /* MainViewController.m */ = {isa = PBXFileReference; lastKnownFileType = sourcecode.c.objc; path = MainViewController.m; sourceTree = "<group>"; };
		0EAF85C41E40218800E0FFF8 /* Assets.xcassets */ = {isa = PBXFileReference; lastKnownFileType = folder.assetcatalog; path = Assets.xcassets; sourceTree = "<group>"; };
		0EAF85C71E40218800E0FFF8 /* Base */ = {isa = PBXFileReference; lastKnownFileType = file.storyboard; name = Base; path = Base.lproj/LaunchScreen.storyboard; sourceTree = "<group>"; };
		0EAF85C91E40218800E0FFF8 /* Info.plist */ = {isa = PBXFileReference; lastKnownFileType = text.plist.xml; path = Info.plist; sourceTree = "<group>"; };
		0EAF85D41E402CF400E0FFF8 /* CoreMedia.framework */ = {isa = PBXFileReference; lastKnownFileType = wrapper.framework; name = CoreMedia.framework; path = System/Library/Frameworks/CoreMedia.framework; sourceTree = SDKROOT; };
		0EAF85D61E402CFF00E0FFF8 /* AudioToolbox.framework */ = {isa = PBXFileReference; lastKnownFileType = wrapper.framework; name = AudioToolbox.framework; path = System/Library/Frameworks/AudioToolbox.framework; sourceTree = SDKROOT; };
		0EAF85D81E402D0A00E0FFF8 /* AVFoundation.framework */ = {isa = PBXFileReference; lastKnownFileType = wrapper.framework; name = AVFoundation.framework; path = System/Library/Frameworks/AVFoundation.framework; sourceTree = SDKROOT; };
		0EAF85DA1E402D1700E0FFF8 /* MobileCoreServices.framework */ = {isa = PBXFileReference; lastKnownFileType = wrapper.framework; name = MobileCoreServices.framework; path = System/Library/Frameworks/MobileCoreServices.framework; sourceTree = SDKROOT; };
		0EAF85DC1E402D2100E0FFF8 /* ImageIO.framework */ = {isa = PBXFileReference; lastKnownFileType = wrapper.framework; name = ImageIO.framework; path = System/Library/Frameworks/ImageIO.framework; sourceTree = SDKROOT; };
		0EAF85DE1E402D3D00E0FFF8 /* libc++.tbd */ = {isa = PBXFileReference; lastKnownFileType = "sourcecode.text-based-dylib-definition"; name = "libc++.tbd"; path = "usr/lib/libc++.tbd"; sourceTree = SDKROOT; };
		0EAF85E01E402D4C00E0FFF8 /* libz.tbd */ = {isa = PBXFileReference; lastKnownFileType = "sourcecode.text-based-dylib-definition"; name = libz.tbd; path = usr/lib/libz.tbd; sourceTree = SDKROOT; };
		0EAF85E21E402D5700E0FFF8 /* libstdc++.6.0.9.tbd */ = {isa = PBXFileReference; lastKnownFileType = "sourcecode.text-based-dylib-definition"; name = "libstdc++.6.0.9.tbd"; path = "usr/lib/libstdc++.6.0.9.tbd"; sourceTree = SDKROOT; };
		0EAF85E41E402D6400E0FFF8 /* libsqlite3.0.tbd */ = {isa = PBXFileReference; lastKnownFileType = "sourcecode.text-based-dylib-definition"; name = libsqlite3.0.tbd; path = usr/lib/libsqlite3.0.tbd; sourceTree = SDKROOT; };
		0EAF85E61E402DC900E0FFF8 /* libiconv.tbd */ = {isa = PBXFileReference; lastKnownFileType = "sourcecode.text-based-dylib-definition"; name = libiconv.tbd; path = usr/lib/libiconv.tbd; sourceTree = SDKROOT; };
		0EAF85E91E402ECC00E0FFF8 /* JGZLoginController.h */ = {isa = PBXFileReference; fileEncoding = 4; lastKnownFileType = sourcecode.c.h; path = JGZLoginController.h; sourceTree = "<group>"; };
		0EAF85EA1E402ECC00E0FFF8 /* JGZLoginController.m */ = {isa = PBXFileReference; fileEncoding = 4; lastKnownFileType = sourcecode.c.objc; path = JGZLoginController.m; sourceTree = "<group>"; };
		3DE7A2B80FD7D273CCFAAE90 /* libPods-talkDemo.a */ = {isa = PBXFileReference; explicitFileType = archive.ar; includeInIndex = 0; path = "libPods-talkDemo.a"; sourceTree = BUILT_PRODUCTS_DIR; };
		B40D71ADB685A877144F175D /* Pods-talkDemo.release.xcconfig */ = {isa = PBXFileReference; includeInIndex = 1; lastKnownFileType = text.xcconfig; name = "Pods-talkDemo.release.xcconfig"; path = "Pods/Target Support Files/Pods-talkDemo/Pods-talkDemo.release.xcconfig"; sourceTree = "<group>"; };
		E4B08E881DE85348ADFFC7CC /* Pods-talkDemo.debug.xcconfig */ = {isa = PBXFileReference; includeInIndex = 1; lastKnownFileType = text.xcconfig; name = "Pods-talkDemo.debug.xcconfig"; path = "Pods/Target Support Files/Pods-talkDemo/Pods-talkDemo.debug.xcconfig"; sourceTree = "<group>"; };
/* End PBXFileReference section */

/* Begin PBXFrameworksBuildPhase section */
		0EAF85B21E40218800E0FFF8 /* Frameworks */ = {
			isa = PBXFrameworksBuildPhase;
			buildActionMask = 2147483647;
			files = (
				0E0628B21EE656DF00EC8D89 /* GLKit.framework in Frameworks */,
				0E0628B01EE656C600EC8D89 /* JavaScriptCore.framework in Frameworks */,
				0E0628AE1EE656BE00EC8D89 /* AdSupport.framework in Frameworks */,
				0E0628AC1EE656B500EC8D89 /* Security.framework in Frameworks */,
				0E0628AA1EE656AA00EC8D89 /* SystemConfiguration.framework in Frameworks */,
				0E0628A81EE6569D00EC8D89 /* CoreTelephony.framework in Frameworks */,
				0E0628A61EE6568C00EC8D89 /* CoreLocation.framework in Frameworks */,
				0E0628A41EE6568200EC8D89 /* QuartzCore.framework in Frameworks */,
				0E0628A21EE6567700EC8D89 /* CoreGraphics.framework in Frameworks */,
				0E0628A01EE6565E00EC8D89 /* OpenGLES.framework in Frameworks */,
				0EAF85E71E402DC900E0FFF8 /* libiconv.tbd in Frameworks */,
				0E0628BB1EE6618700EC8D89 /* MAMapKit.framework in Frameworks */,
				0E0628B61EE657FF00EC8D89 /* AMapFoundationKit.framework in Frameworks */,
				0EAF85E51E402D6400E0FFF8 /* libsqlite3.0.tbd in Frameworks */,
				0EAF85E31E402D5700E0FFF8 /* libstdc++.6.0.9.tbd in Frameworks */,
				0EAF85E11E402D4C00E0FFF8 /* libz.tbd in Frameworks */,
				0EAF85DF1E402D3D00E0FFF8 /* libc++.tbd in Frameworks */,
				0EAF85DD1E402D2100E0FFF8 /* ImageIO.framework in Frameworks */,
				0EAF85DB1E402D1700E0FFF8 /* MobileCoreServices.framework in Frameworks */,
				0EAF85D91E402D0A00E0FFF8 /* AVFoundation.framework in Frameworks */,
				0EAF85D71E402CFF00E0FFF8 /* AudioToolbox.framework in Frameworks */,
				0EAF85D51E402CF400E0FFF8 /* CoreMedia.framework in Frameworks */,
				8C0B3D19634DDAAAD08D9B64 /* libPods-talkDemo.a in Frameworks */,
			);
			runOnlyForDeploymentPostprocessing = 0;
		};
/* End PBXFrameworksBuildPhase section */

/* Begin PBXGroup section */
		0E0628B31EE657F700EC8D89 /* GaodeMap */ = {
			isa = PBXGroup;
			children = (
				0E0628BA1EE6618700EC8D89 /* MAMapKit.framework */,
				0E0628B41EE657FF00EC8D89 /* AMapFoundationKit.framework */,
				0E0628BE1EE679A300EC8D89 /* MAAnnotationView+JGZMAAnnotationView.h */,
				0E0628BF1EE679A300EC8D89 /* MAAnnotationView+JGZMAAnnotationView.m */,
				0E3272BE1EE79939005DD136 /* CustomAnnotation.h */,
				0E3272BF1EE79939005DD136 /* CustomAnnotation.m */,
				0E3272C11EE7996F005DD136 /* CustomAnnotationView.h */,
				0E3272C21EE7996F005DD136 /* CustomAnnotationView.m */,
			);
			path = GaodeMap;
			sourceTree = "<group>";
		};
		0EAF441E1E4196CB005D26F0 /* Lib */ = {
			isa = PBXGroup;
			children = (
				0E0628B31EE657F700EC8D89 /* GaodeMap */,
			);
			path = Lib;
			sourceTree = "<group>";
		};
		0EAF85AC1E40218800E0FFF8 = {
			isa = PBXGroup;
			children = (
				0EAF85B71E40218800E0FFF8 /* talkDemo */,
				0EAF85B61E40218800E0FFF8 /* Products */,
				0EAF85D31E402CF300E0FFF8 /* Frameworks */,
				E3DE120DA68A9C1D410FBD06 /* Pods */,
			);
			sourceTree = "<group>";
		};
		0EAF85B61E40218800E0FFF8 /* Products */ = {
			isa = PBXGroup;
			children = (
				0EAF85B51E40218800E0FFF8 /* talkDemo.app */,
			);
			name = Products;
			sourceTree = "<group>";
		};
		0EAF85B71E40218800E0FFF8 /* talkDemo */ = {
			isa = PBXGroup;
			children = (
				0EAF441E1E4196CB005D26F0 /* Lib */,
				0EAF85E81E402E9000E0FFF8 /* Login */,
				0EAF85CF1E402CA700E0FFF8 /* Framework */,
				0EAF85BB1E40218800E0FFF8 /* AppDelegate.h */,
				0EAF85BC1E40218800E0FFF8 /* AppDelegate.m */,
				0E9838281E407154002C6878 /* AppDelegate+EMAppDelegate.h */,
				0E9838291E407154002C6878 /* AppDelegate+EMAppDelegate.m */,
				0EAF85BE1E40218800E0FFF8 /* MainViewController.h */,
				0EAF85BF1E40218800E0FFF8 /* MainViewController.m */,
				0EAF441A1E418D62005D26F0 /* JGZMainViewCell.h */,
				0EAF441B1E418D62005D26F0 /* JGZMainViewCell.m */,
				0E0628931EE646CB00EC8D89 /* JGZSharedLocationController.h */,
				0E0628941EE646CB00EC8D89 /* JGZSharedLocationController.m */,
				0E0628C31EE689AC00EC8D89 /* JGZLocationModel.h */,
				0E0628C41EE689AC00EC8D89 /* JGZLocationModel.m */,
				0E9838251E4068A3002C6878 /* Main.storyboard */,
				0EAF85C41E40218800E0FFF8 /* Assets.xcassets */,
				0EAF85C61E40218800E0FFF8 /* LaunchScreen.storyboard */,
				0EAF85C91E40218800E0FFF8 /* Info.plist */,
				0EAF85B81E40218800E0FFF8 /* Supporting Files */,
			);
			path = talkDemo;
			sourceTree = "<group>";
		};
		0EAF85B81E40218800E0FFF8 /* Supporting Files */ = {
			isa = PBXGroup;
			children = (
				0E0628C11EE67CBC00EC8D89 /* arrow@3x.png */,
				0EAF85B91E40218800E0FFF8 /* main.m */,
				0EAF441D1E418F55005D26F0 /* talkDemo.pch */,
			);
			name = "Supporting Files";
			sourceTree = "<group>";
		};
		0EAF85CF1E402CA700E0FFF8 /* Framework */ = {
			isa = PBXGroup;
			children = (
				0EAF85D01E402CA700E0FFF8 /* huanxin */,
			);
			path = Framework;
			sourceTree = "<group>";
		};
		0EAF85D01E402CA700E0FFF8 /* huanxin */ = {
			isa = PBXGroup;
			children = (
				0EAF44701E41D36C005D26F0 /* EMSDKHelp.h */,
				0EAF44711E41D36C005D26F0 /* EMSDKHelp.m */,
			);
			path = huanxin;
			sourceTree = "<group>";
		};
		0EAF85D31E402CF300E0FFF8 /* Frameworks */ = {
			isa = PBXGroup;
			children = (
				0E0628B11EE656DF00EC8D89 /* GLKit.framework */,
				0E0628AF1EE656C600EC8D89 /* JavaScriptCore.framework */,
				0E0628AD1EE656BE00EC8D89 /* AdSupport.framework */,
				0E0628AB1EE656B500EC8D89 /* Security.framework */,
				0E0628A91EE656AA00EC8D89 /* SystemConfiguration.framework */,
				0E0628A71EE6569D00EC8D89 /* CoreTelephony.framework */,
				0E0628A51EE6568C00EC8D89 /* CoreLocation.framework */,
				0E0628A31EE6568200EC8D89 /* QuartzCore.framework */,
				0E0628A11EE6567700EC8D89 /* CoreGraphics.framework */,
				0E06289F1EE6565E00EC8D89 /* OpenGLES.framework */,
				0EAF42721E408353005D26F0 /* Hyphenate.framework */,
				0E98382B1E4081A0002C6878 /* UIKit.framework */,
				0EAF85E61E402DC900E0FFF8 /* libiconv.tbd */,
				0EAF85E41E402D6400E0FFF8 /* libsqlite3.0.tbd */,
				0EAF85E21E402D5700E0FFF8 /* libstdc++.6.0.9.tbd */,
				0EAF85E01E402D4C00E0FFF8 /* libz.tbd */,
				0EAF85DE1E402D3D00E0FFF8 /* libc++.tbd */,
				0EAF85DC1E402D2100E0FFF8 /* ImageIO.framework */,
				0EAF85DA1E402D1700E0FFF8 /* MobileCoreServices.framework */,
				0EAF85D81E402D0A00E0FFF8 /* AVFoundation.framework */,
				0EAF85D61E402CFF00E0FFF8 /* AudioToolbox.framework */,
				0EAF85D41E402CF400E0FFF8 /* CoreMedia.framework */,
				3DE7A2B80FD7D273CCFAAE90 /* libPods-talkDemo.a */,
			);
			name = Frameworks;
			sourceTree = "<group>";
		};
		0EAF85E81E402E9000E0FFF8 /* Login */ = {
			isa = PBXGroup;
			children = (
				0EAF85E91E402ECC00E0FFF8 /* JGZLoginController.h */,
				0EAF85EA1E402ECC00E0FFF8 /* JGZLoginController.m */,
				0E98381F1E406330002C6878 /* JGZAccountTool.h */,
				0E9838201E406330002C6878 /* JGZAccountTool.m */,
				0E9838221E406356002C6878 /* JGZAccount.h */,
				0E9838231E406356002C6878 /* JGZAccount.m */,
			);
			path = Login;
			sourceTree = "<group>";
		};
		E3DE120DA68A9C1D410FBD06 /* Pods */ = {
			isa = PBXGroup;
			children = (
				E4B08E881DE85348ADFFC7CC /* Pods-talkDemo.debug.xcconfig */,
				B40D71ADB685A877144F175D /* Pods-talkDemo.release.xcconfig */,
			);
			name = Pods;
			sourceTree = "<group>";
		};
/* End PBXGroup section */

/* Begin PBXNativeTarget section */
		0EAF85B41E40218800E0FFF8 /* talkDemo */ = {
			isa = PBXNativeTarget;
			buildConfigurationList = 0EAF85CC1E40218800E0FFF8 /* Build configuration list for PBXNativeTarget "talkDemo" */;
			buildPhases = (
				5433A650E7113CD49716A5E4 /* [CP] Check Pods Manifest.lock */,
				0EAF85B11E40218800E0FFF8 /* Sources */,
				0EAF85B21E40218800E0FFF8 /* Frameworks */,
				0EAF85B31E40218800E0FFF8 /* Resources */,
				FD84AD1E742BC1318F404208 /* [CP] Embed Pods Frameworks */,
				11609B71AAB82EEAC71973B7 /* [CP] Copy Pods Resources */,
			);
			buildRules = (
			);
			dependencies = (
			);
			name = talkDemo;
			productName = talkDemo;
			productReference = 0EAF85B51E40218800E0FFF8 /* talkDemo.app */;
			productType = "com.apple.product-type.application";
		};
/* End PBXNativeTarget section */

/* Begin PBXProject section */
		0EAF85AD1E40218800E0FFF8 /* Project object */ = {
			isa = PBXProject;
			attributes = {
				CLASSPREFIX = JGZ;
				LastUpgradeCheck = 0820;
				ORGANIZATIONNAME = "江贵铸";
				TargetAttributes = {
					0EAF85B41E40218800E0FFF8 = {
						CreatedOnToolsVersion = 8.2.1;
						DevelopmentTeam = E2ZX76738J;
						ProvisioningStyle = Automatic;
					};
				};
			};
			buildConfigurationList = 0EAF85B01E40218800E0FFF8 /* Build configuration list for PBXProject "talkDemo" */;
			compatibilityVersion = "Xcode 3.2";
			developmentRegion = English;
			hasScannedForEncodings = 0;
			knownRegions = (
				en,
				Base,
			);
			mainGroup = 0EAF85AC1E40218800E0FFF8;
			productRefGroup = 0EAF85B61E40218800E0FFF8 /* Products */;
			projectDirPath = "";
			projectRoot = "";
			targets = (
				0EAF85B41E40218800E0FFF8 /* talkDemo */,
			);
		};
/* End PBXProject section */

/* Begin PBXResourcesBuildPhase section */
		0EAF85B31E40218800E0FFF8 /* Resources */ = {
			isa = PBXResourcesBuildPhase;
			buildActionMask = 2147483647;
			files = (
				0E9838271E4068A3002C6878 /* Main.storyboard in Resources */,
				0E0628C21EE67CBC00EC8D89 /* arrow@3x.png in Resources */,
				0EAF85C81E40218800E0FFF8 /* LaunchScreen.storyboard in Resources */,
				0EAF85C51E40218800E0FFF8 /* Assets.xcassets in Resources */,
			);
			runOnlyForDeploymentPostprocessing = 0;
		};
/* End PBXResourcesBuildPhase section */

/* Begin PBXShellScriptBuildPhase section */
		11609B71AAB82EEAC71973B7 /* [CP] Copy Pods Resources */ = {
			isa = PBXShellScriptBuildPhase;
			buildActionMask = 2147483647;
			files = (
			);
			inputPaths = (
			);
			name = "[CP] Copy Pods Resources";
			outputPaths = (
			);
			runOnlyForDeploymentPostprocessing = 0;
			shellPath = /bin/sh;
			shellScript = "\"${SRCROOT}/Pods/Target Support Files/Pods-talkDemo/Pods-talkDemo-resources.sh\"\n";
			showEnvVarsInLog = 0;
		};
		5433A650E7113CD49716A5E4 /* [CP] Check Pods Manifest.lock */ = {
			isa = PBXShellScriptBuildPhase;
			buildActionMask = 2147483647;
			files = (
			);
			inputPaths = (
			);
			name = "[CP] Check Pods Manifest.lock";
			outputPaths = (
			);
			runOnlyForDeploymentPostprocessing = 0;
			shellPath = /bin/sh;
			shellScript = "diff \"${PODS_ROOT}/../Podfile.lock\" \"${PODS_ROOT}/Manifest.lock\" > /dev/null\nif [ $? != 0 ] ; then\n    # print error to STDERR\n    echo \"error: The sandbox is not in sync with the Podfile.lock. Run 'pod install' or update your CocoaPods installation.\" >&2\n    exit 1\nfi\n";
			showEnvVarsInLog = 0;
		};
		FD84AD1E742BC1318F404208 /* [CP] Embed Pods Frameworks */ = {
			isa = PBXShellScriptBuildPhase;
			buildActionMask = 2147483647;
			files = (
			);
			inputPaths = (
			);
			name = "[CP] Embed Pods Frameworks";
			outputPaths = (
			);
			runOnlyForDeploymentPostprocessing = 0;
			shellPath = /bin/sh;
			shellScript = "\"${SRCROOT}/Pods/Target Support Files/Pods-talkDemo/Pods-talkDemo-frameworks.sh\"\n";
			showEnvVarsInLog = 0;
		};
/* End PBXShellScriptBuildPhase section */

/* Begin PBXSourcesBuildPhase section */
		0EAF85B11E40218800E0FFF8 /* Sources */ = {
			isa = PBXSourcesBuildPhase;
			buildActionMask = 2147483647;
			files = (
				0EAF85C01E40218800E0FFF8 /* MainViewController.m in Sources */,
				0E0628C51EE689AC00EC8D89 /* JGZLocationModel.m in Sources */,
				0E3272C31EE7996F005DD136 /* CustomAnnotationView.m in Sources */,
				0EAF44721E41D36C005D26F0 /* EMSDKHelp.m in Sources */,
				0EAF85BD1E40218800E0FFF8 /* AppDelegate.m in Sources */,
				0EAF85BA1E40218800E0FFF8 /* main.m in Sources */,
				0E9838211E406330002C6878 /* JGZAccountTool.m in Sources */,
				0EAF85EB1E402ECC00E0FFF8 /* JGZLoginController.m in Sources */,
				0E98382A1E407154002C6878 /* AppDelegate+EMAppDelegate.m in Sources */,
				0E0628C01EE679A300EC8D89 /* MAAnnotationView+JGZMAAnnotationView.m in Sources */,
				0E9838241E406356002C6878 /* JGZAccount.m in Sources */,
				0E0628951EE646CB00EC8D89 /* JGZSharedLocationController.m in Sources */,
				0E3272C01EE79939005DD136 /* CustomAnnotation.m in Sources */,
				0EAF441C1E418D62005D26F0 /* JGZMainViewCell.m in Sources */,
			);
			runOnlyForDeploymentPostprocessing = 0;
		};
/* End PBXSourcesBuildPhase section */

/* Begin PBXVariantGroup section */
		0E9838251E4068A3002C6878 /* Main.storyboard */ = {
			isa = PBXVariantGroup;
			children = (
				0E9838261E4068A3002C6878 /* Base */,
				0E84ED441E41F9D800F65D4E /* zh-Hans */,
			);
			name = Main.storyboard;
			sourceTree = "<group>";
		};
		0EAF85C61E40218800E0FFF8 /* LaunchScreen.storyboard */ = {
			isa = PBXVariantGroup;
			children = (
				0EAF85C71E40218800E0FFF8 /* Base */,
				0E84ED451E41F9D900F65D4E /* zh-Hans */,
			);
			name = LaunchScreen.storyboard;
			sourceTree = "<group>";
		};
/* End PBXVariantGroup section */

/* Begin XCBuildConfiguration section */
		0EAF85CA1E40218800E0FFF8 /* Debug */ = {
			isa = XCBuildConfiguration;
			buildSettings = {
				ALWAYS_SEARCH_USER_PATHS = NO;
				CLANG_ANALYZER_LOCALIZABILITY_NONLOCALIZED = YES;
				CLANG_ANALYZER_NONNULL = YES;
				CLANG_CXX_LANGUAGE_STANDARD = "gnu++0x";
				CLANG_CXX_LIBRARY = "libc++";
				CLANG_ENABLE_MODULES = YES;
				CLANG_ENABLE_OBJC_ARC = YES;
				CLANG_WARN_BOOL_CONVERSION = YES;
				CLANG_WARN_CONSTANT_CONVERSION = YES;
				CLANG_WARN_DIRECT_OBJC_ISA_USAGE = YES_ERROR;
				CLANG_WARN_DOCUMENTATION_COMMENTS = YES;
				CLANG_WARN_EMPTY_BODY = YES;
				CLANG_WARN_ENUM_CONVERSION = YES;
				CLANG_WARN_INFINITE_RECURSION = YES;
				CLANG_WARN_INT_CONVERSION = YES;
				CLANG_WARN_OBJC_ROOT_CLASS = YES_ERROR;
				CLANG_WARN_SUSPICIOUS_MOVE = YES;
				CLANG_WARN_UNREACHABLE_CODE = YES;
				CLANG_WARN__DUPLICATE_METHOD_MATCH = YES;
				"CODE_SIGN_IDENTITY[sdk=iphoneos*]" = "iPhone Developer";
				COPY_PHASE_STRIP = NO;
				DEBUG_INFORMATION_FORMAT = dwarf;
				ENABLE_STRICT_OBJC_MSGSEND = YES;
				ENABLE_TESTABILITY = YES;
				GCC_C_LANGUAGE_STANDARD = gnu99;
				GCC_DYNAMIC_NO_PIC = NO;
				GCC_NO_COMMON_BLOCKS = YES;
				GCC_OPTIMIZATION_LEVEL = 0;
				GCC_PREPROCESSOR_DEFINITIONS = (
					"DEBUG=1",
					"$(inherited)",
				);
				GCC_WARN_64_TO_32_BIT_CONVERSION = YES;
				GCC_WARN_ABOUT_RETURN_TYPE = YES_ERROR;
				GCC_WARN_UNDECLARED_SELECTOR = YES;
				GCC_WARN_UNINITIALIZED_AUTOS = YES_AGGRESSIVE;
				GCC_WARN_UNUSED_FUNCTION = YES;
				GCC_WARN_UNUSED_VARIABLE = YES;
				IPHONEOS_DEPLOYMENT_TARGET = 10.2;
				MTL_ENABLE_DEBUG_INFO = YES;
				ONLY_ACTIVE_ARCH = YES;
				SDKROOT = iphoneos;
				TARGETED_DEVICE_FAMILY = "1,2";
			};
			name = Debug;
		};
		0EAF85CB1E40218800E0FFF8 /* Release */ = {
			isa = XCBuildConfiguration;
			buildSettings = {
				ALWAYS_SEARCH_USER_PATHS = NO;
				CLANG_ANALYZER_LOCALIZABILITY_NONLOCALIZED = YES;
				CLANG_ANALYZER_NONNULL = YES;
				CLANG_CXX_LANGUAGE_STANDARD = "gnu++0x";
				CLANG_CXX_LIBRARY = "libc++";
				CLANG_ENABLE_MODULES = YES;
				CLANG_ENABLE_OBJC_ARC = YES;
				CLANG_WARN_BOOL_CONVERSION = YES;
				CLANG_WARN_CONSTANT_CONVERSION = YES;
				CLANG_WARN_DIRECT_OBJC_ISA_USAGE = YES_ERROR;
				CLANG_WARN_DOCUMENTATION_COMMENTS = YES;
				CLANG_WARN_EMPTY_BODY = YES;
				CLANG_WARN_ENUM_CONVERSION = YES;
				CLANG_WARN_INFINITE_RECURSION = YES;
				CLANG_WARN_INT_CONVERSION = YES;
				CLANG_WARN_OBJC_ROOT_CLASS = YES_ERROR;
				CLANG_WARN_SUSPICIOUS_MOVE = YES;
				CLANG_WARN_UNREACHABLE_CODE = YES;
				CLANG_WARN__DUPLICATE_METHOD_MATCH = YES;
				"CODE_SIGN_IDENTITY[sdk=iphoneos*]" = "iPhone Developer";
				COPY_PHASE_STRIP = NO;
				DEBUG_INFORMATION_FORMAT = "dwarf-with-dsym";
				ENABLE_NS_ASSERTIONS = NO;
				ENABLE_STRICT_OBJC_MSGSEND = YES;
				GCC_C_LANGUAGE_STANDARD = gnu99;
				GCC_NO_COMMON_BLOCKS = YES;
				GCC_WARN_64_TO_32_BIT_CONVERSION = YES;
				GCC_WARN_ABOUT_RETURN_TYPE = YES_ERROR;
				GCC_WARN_UNDECLARED_SELECTOR = YES;
				GCC_WARN_UNINITIALIZED_AUTOS = YES_AGGRESSIVE;
				GCC_WARN_UNUSED_FUNCTION = YES;
				GCC_WARN_UNUSED_VARIABLE = YES;
				IPHONEOS_DEPLOYMENT_TARGET = 10.2;
				MTL_ENABLE_DEBUG_INFO = NO;
				SDKROOT = iphoneos;
				TARGETED_DEVICE_FAMILY = "1,2";
				VALIDATE_PRODUCT = YES;
			};
			name = Release;
		};
		0EAF85CD1E40218800E0FFF8 /* Debug */ = {
			isa = XCBuildConfiguration;
			baseConfigurationReference = E4B08E881DE85348ADFFC7CC /* Pods-talkDemo.debug.xcconfig */;
			buildSettings = {
				ASSETCATALOG_COMPILER_APPICON_NAME = AppIcon;
				DEVELOPMENT_TEAM = E2ZX76738J;
				ENABLE_BITCODE = NO;
				FRAMEWORK_SEARCH_PATHS = (
					"$(inherited)",
					"$(PROJECT_DIR)/talkDemo/Framework/huanxin",
					"$(PROJECT_DIR)/talkDemo",
					"$(PROJECT_DIR)/talkDemo/Lib/GaodeMap",
				);
				GCC_PRECOMPILE_PREFIX_HEADER = YES;
				GCC_PREFIX_HEADER = talkDemo/talkDemo.pch;
				INFOPLIST_FILE = talkDemo/Info.plist;
				LD_RUNPATH_SEARCH_PATHS = "$(inherited) @executable_path/Frameworks";
				LIBRARY_SEARCH_PATHS = (
					"$(inherited)",
					"$(PROJECT_DIR)/talkDemo/EaseUI/EMUIKit/3rdparty/DeviceHelper/VoiceConvert/opencore-amrnb",
					"$(PROJECT_DIR)/talkDemo/EaseUI/EMUIKit/3rdparty/DeviceHelper/VoiceConvert/opencore-amrwb",
				);
				PRODUCT_BUNDLE_IDENTIFIER = jgzhu.talkDemo;
				PRODUCT_NAME = "$(TARGET_NAME)";
			};
			name = Debug;
		};
		0EAF85CE1E40218800E0FFF8 /* Release */ = {
			isa = XCBuildConfiguration;
			baseConfigurationReference = B40D71ADB685A877144F175D /* Pods-talkDemo.release.xcconfig */;
			buildSettings = {
				ASSETCATALOG_COMPILER_APPICON_NAME = AppIcon;
				DEVELOPMENT_TEAM = E2ZX76738J;
				ENABLE_BITCODE = NO;
				FRAMEWORK_SEARCH_PATHS = (
					"$(inherited)",
					"$(PROJECT_DIR)/talkDemo/Framework/huanxin",
					"$(PROJECT_DIR)/talkDemo",
					"$(PROJECT_DIR)/talkDemo/Lib/GaodeMap",
				);
				GCC_PRECOMPILE_PREFIX_HEADER = YES;
				GCC_PREFIX_HEADER = talkDemo/talkDemo.pch;
				INFOPLIST_FILE = talkDemo/Info.plist;
				LD_RUNPATH_SEARCH_PATHS = "$(inherited) @executable_path/Frameworks";
				LIBRARY_SEARCH_PATHS = (
					"$(inherited)",
					"$(PROJECT_DIR)/talkDemo/EaseUI/EMUIKit/3rdparty/DeviceHelper/VoiceConvert/opencore-amrnb",
					"$(PROJECT_DIR)/talkDemo/EaseUI/EMUIKit/3rdparty/DeviceHelper/VoiceConvert/opencore-amrwb",
				);
				PRODUCT_BUNDLE_IDENTIFIER = jgzhu.talkDemo;
				PRODUCT_NAME = "$(TARGET_NAME)";
			};
			name = Release;
		};
/* End XCBuildConfiguration section */

/* Begin XCConfigurationList section */
		0EAF85B01E40218800E0FFF8 /* Build configuration list for PBXProject "talkDemo" */ = {
			isa = XCConfigurationList;
			buildConfigurations = (
				0EAF85CA1E40218800E0FFF8 /* Debug */,
				0EAF85CB1E40218800E0FFF8 /* Release */,
			);
			defaultConfigurationIsVisible = 0;
			defaultConfigurationName = Release;
		};
		0EAF85CC1E40218800E0FFF8 /* Build configuration list for PBXNativeTarget "talkDemo" */ = {
			isa = XCConfigurationList;
			buildConfigurations = (
				0EAF85CD1E40218800E0FFF8 /* Debug */,
				0EAF85CE1E40218800E0FFF8 /* Release */,
			);
			defaultConfigurationIsVisible = 0;
			defaultConfigurationName = Release;
		};
/* End XCConfigurationList section */
	};
	rootObject = 0EAF85AD1E40218800E0FFF8 /* Project object */;
}
